// !$*UTF8*$!
{
	archiveVersion = 1;
	classes = {
	};
	objectVersion = 46;
	objects = {

/* Begin PBXBuildFile section */
		2286CD481F57F1EC0022F004 /* CALScanQRCode.bundle in Resources */ = {isa = PBXBuildFile; fileRef = 2286CD3D1F57F1EC0022F004 /* CALScanQRCode.bundle */; };
		2286CD491F57F1EC0022F004 /* CALScanQRCodeViewController.m in Sources */ = {isa = PBXBuildFile; fileRef = 2286CD401F57F1EC0022F004 /* CALScanQRCodeViewController.m */; };
		2286CD4A1F57F1EC0022F004 /* CALScanQRCodeCameraView.m in Sources */ = {isa = PBXBuildFile; fileRef = 2286CD441F57F1EC0022F004 /* CALScanQRCodeCameraView.m */; };
		2286CD4B1F57F1EC0022F004 /* CALScanQRCodeTitleView.m in Sources */ = {isa = PBXBuildFile; fileRef = 2286CD471F57F1EC0022F004 /* CALScanQRCodeTitleView.m */; };
		228E82421F4E7EBD00108312 /* main.m in Sources */ = {isa = PBXBuildFile; fileRef = 228E82411F4E7EBD00108312 /* main.m */; };
		228E82451F4E7EBD00108312 /* AppDelegate.m in Sources */ = {isa = PBXBuildFile; fileRef = 228E82441F4E7EBD00108312 /* AppDelegate.m */; };
		228E82481F4E7EBE00108312 /* ViewController.m in Sources */ = {isa = PBXBuildFile; fileRef = 228E82471F4E7EBE00108312 /* ViewController.m */; };
		228E824B1F4E7EBE00108312 /* Main.storyboard in Resources */ = {isa = PBXBuildFile; fileRef = 228E82491F4E7EBE00108312 /* Main.storyboard */; };
		228E824D1F4E7EBE00108312 /* Assets.xcassets in Resources */ = {isa = PBXBuildFile; fileRef = 228E824C1F4E7EBE00108312 /* Assets.xcassets */; };
		228E82501F4E7EBE00108312 /* LaunchScreen.storyboard in Resources */ = {isa = PBXBuildFile; fileRef = 228E824E1F4E7EBE00108312 /* LaunchScreen.storyboard */; };
		228E825B1F4E7EBE00108312 /* FirstProjectsTests.m in Sources */ = {isa = PBXBuildFile; fileRef = 228E825A1F4E7EBE00108312 /* FirstProjectsTests.m */; };
		228E82661F4E7EBE00108312 /* FirstProjectsUITests.m in Sources */ = {isa = PBXBuildFile; fileRef = 228E82651F4E7EBE00108312 /* FirstProjectsUITests.m */; };
		22A7C0E91F54076A00A92E89 /* ZHKeyChain.m in Sources */ = {isa = PBXBuildFile; fileRef = 22A7C0E81F54076A00A92E89 /* ZHKeyChain.m */; };
		22C8C1DD1F4FCA410063333C /* Color+Hex.m in Sources */ = {isa = PBXBuildFile; fileRef = 22C8C1C21F4FCA410063333C /* Color+Hex.m */; };
		22C8C1DE1F4FCA410063333C /* ConverUtil.m in Sources */ = {isa = PBXBuildFile; fileRef = 22C8C1C51F4FCA410063333C /* ConverUtil.m */; };
		22C8C1DF1F4FCA410063333C /* DesUtil.m in Sources */ = {isa = PBXBuildFile; fileRef = 22C8C1C71F4FCA410063333C /* DesUtil.m */; };
		22C8C1E01F4FCA410063333C /* GTMBase64.m in Sources */ = {isa = PBXBuildFile; fileRef = 22C8C1C91F4FCA410063333C /* GTMBase64.m */; };
		22C8C1E11F4FCA410063333C /* HJTNetTool.m in Sources */ = {isa = PBXBuildFile; fileRef = 22C8C1CD1F4FCA410063333C /* HJTNetTool.m */; };
		22C8C1E21F4FCA410063333C /* NSObject+HKExtension.m in Sources */ = {isa = PBXBuildFile; fileRef = 22C8C1D01F4FCA410063333C /* NSObject+HKExtension.m */; };
		22C8C1E31F4FCA410063333C /* MD5Encrypted.m in Sources */ = {isa = PBXBuildFile; fileRef = 22C8C1D31F4FCA410063333C /* MD5Encrypted.m */; };
		22C8C1E41F4FCA410063333C /* WZHNavigationViewController.m in Sources */ = {isa = PBXBuildFile; fileRef = 22C8C1D61F4FCA410063333C /* WZHNavigationViewController.m */; };
		22C8C1E51F4FCA410063333C /* YBUnlimitedSlideViewController.m in Sources */ = {isa = PBXBuildFile; fileRef = 22C8C1D91F4FCA410063333C /* YBUnlimitedSlideViewController.m */; };
		22C8C1E61F4FCA410063333C /* ZHBaseViewController.m in Sources */ = {isa = PBXBuildFile; fileRef = 22C8C1DC1F4FCA410063333C /* ZHBaseViewController.m */; };
		F74CB0A26FA6234E9694BDCB /* libPods-FirstProjects.a in Frameworks */ = {isa = PBXBuildFile; fileRef = A6713C0A7B94A4E7109D3B9E /* libPods-FirstProjects.a */; };
/* End PBXBuildFile section */

/* Begin PBXContainerItemProxy section */
		228E82571F4E7EBE00108312 /* PBXContainerItemProxy */ = {
			isa = PBXContainerItemProxy;
			containerPortal = 228E82351F4E7EBD00108312 /* Project object */;
			proxyType = 1;
			remoteGlobalIDString = 228E823C1F4E7EBD00108312;
			remoteInfo = FirstProjects;
		};
		228E82621F4E7EBE00108312 /* PBXContainerItemProxy */ = {
			isa = PBXContainerItemProxy;
			containerPortal = 228E82351F4E7EBD00108312 /* Project object */;
			proxyType = 1;
			remoteGlobalIDString = 228E823C1F4E7EBD00108312;
			remoteInfo = FirstProjects;
		};
/* End PBXContainerItemProxy section */

/* Begin PBXFileReference section */
		2286CD3D1F57F1EC0022F004 /* CALScanQRCode.bundle */ = {isa = PBXFileReference; lastKnownFileType = "wrapper.plug-in"; path = CALScanQRCode.bundle; sourceTree = "<group>"; };
		2286CD3F1F57F1EC0022F004 /* CALScanQRCodeViewController.h */ = {isa = PBXFileReference; fileEncoding = 4; lastKnownFileType = sourcecode.c.h; path = CALScanQRCodeViewController.h; sourceTree = "<group>"; };
		2286CD401F57F1EC0022F004 /* CALScanQRCodeViewController.m */ = {isa = PBXFileReference; fileEncoding = 4; lastKnownFileType = sourcecode.c.objc; path = CALScanQRCodeViewController.m; sourceTree = "<group>"; };
		2286CD431F57F1EC0022F004 /* CALScanQRCodeCameraView.h */ = {isa = PBXFileReference; fileEncoding = 4; lastKnownFileType = sourcecode.c.h; path = CALScanQRCodeCameraView.h; sourceTree = "<group>"; };
		2286CD441F57F1EC0022F004 /* CALScanQRCodeCameraView.m */ = {isa = PBXFileReference; fileEncoding = 4; lastKnownFileType = sourcecode.c.objc; path = CALScanQRCodeCameraView.m; sourceTree = "<group>"; };
		2286CD461F57F1EC0022F004 /* CALScanQRCodeTitleView.h */ = {isa = PBXFileReference; fileEncoding = 4; lastKnownFileType = sourcecode.c.h; path = CALScanQRCodeTitleView.h; sourceTree = "<group>"; };
		2286CD471F57F1EC0022F004 /* CALScanQRCodeTitleView.m */ = {isa = PBXFileReference; fileEncoding = 4; lastKnownFileType = sourcecode.c.objc; path = CALScanQRCodeTitleView.m; sourceTree = "<group>"; };
		228E823D1F4E7EBD00108312 /* FirstProjects.app */ = {isa = PBXFileReference; explicitFileType = wrapper.application; includeInIndex = 0; path = FirstProjects.app; sourceTree = BUILT_PRODUCTS_DIR; };
		228E82411F4E7EBD00108312 /* main.m */ = {isa = PBXFileReference; lastKnownFileType = sourcecode.c.objc; path = main.m; sourceTree = "<group>"; };
		228E82431F4E7EBD00108312 /* AppDelegate.h */ = {isa = PBXFileReference; lastKnownFileType = sourcecode.c.h; path = AppDelegate.h; sourceTree = "<group>"; };
		228E82441F4E7EBD00108312 /* AppDelegate.m */ = {isa = PBXFileReference; lastKnownFileType = sourcecode.c.objc; path = AppDelegate.m; sourceTree = "<group>"; };
		228E82461F4E7EBE00108312 /* ViewController.h */ = {isa = PBXFileReference; lastKnownFileType = sourcecode.c.h; path = ViewController.h; sourceTree = "<group>"; };
		228E82471F4E7EBE00108312 /* ViewController.m */ = {isa = PBXFileReference; lastKnownFileType = sourcecode.c.objc; path = ViewController.m; sourceTree = "<group>"; };
		228E824A1F4E7EBE00108312 /* Base */ = {isa = PBXFileReference; lastKnownFileType = file.storyboard; name = Base; path = Base.lproj/Main.storyboard; sourceTree = "<group>"; };
		228E824C1F4E7EBE00108312 /* Assets.xcassets */ = {isa = PBXFileReference; lastKnownFileType = folder.assetcatalog; path = Assets.xcassets; sourceTree = "<group>"; };
		228E824F1F4E7EBE00108312 /* Base */ = {isa = PBXFileReference; lastKnownFileType = file.storyboard; name = Base; path = Base.lproj/LaunchScreen.storyboard; sourceTree = "<group>"; };
		228E82511F4E7EBE00108312 /* Info.plist */ = {isa = PBXFileReference; lastKnownFileType = text.plist.xml; path = Info.plist; sourceTree = "<group>"; };
		228E82561F4E7EBE00108312 /* FirstProjectsTests.xctest */ = {isa = PBXFileReference; explicitFileType = wrapper.cfbundle; includeInIndex = 0; path = FirstProjectsTests.xctest; sourceTree = BUILT_PRODUCTS_DIR; };
		228E825A1F4E7EBE00108312 /* FirstProjectsTests.m */ = {isa = PBXFileReference; lastKnownFileType = sourcecode.c.objc; path = FirstProjectsTests.m; sourceTree = "<group>"; };
		228E825C1F4E7EBE00108312 /* Info.plist */ = {isa = PBXFileReference; lastKnownFileType = text.plist.xml; path = Info.plist; sourceTree = "<group>"; };
		228E82611F4E7EBE00108312 /* FirstProjectsUITests.xctest */ = {isa = PBXFileReference; explicitFileType = wrapper.cfbundle; includeInIndex = 0; path = FirstProjectsUITests.xctest; sourceTree = BUILT_PRODUCTS_DIR; };
		228E82651F4E7EBE00108312 /* FirstProjectsUITests.m */ = {isa = PBXFileReference; lastKnownFileType = sourcecode.c.objc; path = FirstProjectsUITests.m; sourceTree = "<group>"; };
		228E82671F4E7EBE00108312 /* Info.plist */ = {isa = PBXFileReference; lastKnownFileType = text.plist.xml; path = Info.plist; sourceTree = "<group>"; };
		22A7C0E71F54076A00A92E89 /* ZHKeyChain.h */ = {isa = PBXFileReference; fileEncoding = 4; lastKnownFileType = sourcecode.c.h; path = ZHKeyChain.h; sourceTree = "<group>"; };
		22A7C0E81F54076A00A92E89 /* ZHKeyChain.m */ = {isa = PBXFileReference; fileEncoding = 4; lastKnownFileType = sourcecode.c.objc; path = ZHKeyChain.m; sourceTree = "<group>"; };
		22C8C1C11F4FCA410063333C /* Color+Hex.h */ = {isa = PBXFileReference; fileEncoding = 4; lastKnownFileType = sourcecode.c.h; path = "Color+Hex.h"; sourceTree = "<group>"; };
		22C8C1C21F4FCA410063333C /* Color+Hex.m */ = {isa = PBXFileReference; fileEncoding = 4; lastKnownFileType = sourcecode.c.objc; path = "Color+Hex.m"; sourceTree = "<group>"; };
		22C8C1C41F4FCA410063333C /* ConverUtil.h */ = {isa = PBXFileReference; fileEncoding = 4; lastKnownFileType = sourcecode.c.h; path = ConverUtil.h; sourceTree = "<group>"; };
		22C8C1C51F4FCA410063333C /* ConverUtil.m */ = {isa = PBXFileReference; fileEncoding = 4; lastKnownFileType = sourcecode.c.objc; path = ConverUtil.m; sourceTree = "<group>"; };
		22C8C1C61F4FCA410063333C /* DesUtil.h */ = {isa = PBXFileReference; fileEncoding = 4; lastKnownFileType = sourcecode.c.h; path = DesUtil.h; sourceTree = "<group>"; };
		22C8C1C71F4FCA410063333C /* DesUtil.m */ = {isa = PBXFileReference; fileEncoding = 4; lastKnownFileType = sourcecode.c.objc; path = DesUtil.m; sourceTree = "<group>"; };
		22C8C1C81F4FCA410063333C /* GTMBase64.h */ = {isa = PBXFileReference; fileEncoding = 4; lastKnownFileType = sourcecode.c.h; path = GTMBase64.h; sourceTree = "<group>"; };
		22C8C1C91F4FCA410063333C /* GTMBase64.m */ = {isa = PBXFileReference; fileEncoding = 4; lastKnownFileType = sourcecode.c.objc; path = GTMBase64.m; sourceTree = "<group>"; };
		22C8C1CA1F4FCA410063333C /* GTMDefines.h */ = {isa = PBXFileReference; fileEncoding = 4; lastKnownFileType = sourcecode.c.h; path = GTMDefines.h; sourceTree = "<group>"; };
		22C8C1CC1F4FCA410063333C /* HJTNetTool.h */ = {isa = PBXFileReference; fileEncoding = 4; lastKnownFileType = sourcecode.c.h; path = HJTNetTool.h; sourceTree = "<group>"; };
		22C8C1CD1F4FCA410063333C /* HJTNetTool.m */ = {isa = PBXFileReference; fileEncoding = 4; lastKnownFileType = sourcecode.c.objc; path = HJTNetTool.m; sourceTree = "<group>"; };
		22C8C1CF1F4FCA410063333C /* NSObject+HKExtension.h */ = {isa = PBXFileReference; fileEncoding = 4; lastKnownFileType = sourcecode.c.h; path = "NSObject+HKExtension.h"; sourceTree = "<group>"; };
		22C8C1D01F4FCA410063333C /* NSObject+HKExtension.m */ = {isa = PBXFileReference; fileEncoding = 4; lastKnownFileType = sourcecode.c.objc; path = "NSObject+HKExtension.m"; sourceTree = "<group>"; };
		22C8C1D21F4FCA410063333C /* MD5Encrypted.h */ = {isa = PBXFileReference; fileEncoding = 4; lastKnownFileType = sourcecode.c.h; path = MD5Encrypted.h; sourceTree = "<group>"; };
		22C8C1D31F4FCA410063333C /* MD5Encrypted.m */ = {isa = PBXFileReference; fileEncoding = 4; lastKnownFileType = sourcecode.c.objc; path = MD5Encrypted.m; sourceTree = "<group>"; };
		22C8C1D51F4FCA410063333C /* WZHNavigationViewController.h */ = {isa = PBXFileReference; fileEncoding = 4; lastKnownFileType = sourcecode.c.h; path = WZHNavigationViewController.h; sourceTree = "<group>"; };
		22C8C1D61F4FCA410063333C /* WZHNavigationViewController.m */ = {isa = PBXFileReference; fileEncoding = 4; lastKnownFileType = sourcecode.c.objc; path = WZHNavigationViewController.m; sourceTree = "<group>"; };
		22C8C1D81F4FCA410063333C /* YBUnlimitedSlideViewController.h */ = {isa = PBXFileReference; fileEncoding = 4; lastKnownFileType = sourcecode.c.h; path = YBUnlimitedSlideViewController.h; sourceTree = "<group>"; };
		22C8C1D91F4FCA410063333C /* YBUnlimitedSlideViewController.m */ = {isa = PBXFileReference; fileEncoding = 4; lastKnownFileType = sourcecode.c.objc; path = YBUnlimitedSlideViewController.m; sourceTree = "<group>"; };
		22C8C1DB1F4FCA410063333C /* ZHBaseViewController.h */ = {isa = PBXFileReference; fileEncoding = 4; lastKnownFileType = sourcecode.c.h; path = ZHBaseViewController.h; sourceTree = "<group>"; };
		22C8C1DC1F4FCA410063333C /* ZHBaseViewController.m */ = {isa = PBXFileReference; fileEncoding = 4; lastKnownFileType = sourcecode.c.objc; path = ZHBaseViewController.m; sourceTree = "<group>"; };
		22C8C1E81F4FCC3D0063333C /* libc++.tbd */ = {isa = PBXFileReference; lastKnownFileType = "sourcecode.text-based-dylib-definition"; name = "libc++.tbd"; path = "usr/lib/libc++.tbd"; sourceTree = SDKROOT; };
		22C8C1EA1F4FCC450063333C /* libz.tbd */ = {isa = PBXFileReference; lastKnownFileType = "sourcecode.text-based-dylib-definition"; name = libz.tbd; path = usr/lib/libz.tbd; sourceTree = SDKROOT; };
		22C8C1EC1F4FCC4F0063333C /* CoreTelephony.framework */ = {isa = PBXFileReference; lastKnownFileType = wrapper.framework; name = CoreTelephony.framework; path = System/Library/Frameworks/CoreTelephony.framework; sourceTree = SDKROOT; };
		22C8C1EE1F4FCC5B0063333C /* libsqlite3.0.tbd */ = {isa = PBXFileReference; lastKnownFileType = "sourcecode.text-based-dylib-definition"; name = libsqlite3.0.tbd; path = usr/lib/libsqlite3.0.tbd; sourceTree = SDKROOT; };
		22C8C1F01F4FCC670063333C /* SystemConfiguration.framework */ = {isa = PBXFileReference; lastKnownFileType = wrapper.framework; name = SystemConfiguration.framework; path = System/Library/Frameworks/SystemConfiguration.framework; sourceTree = SDKROOT; };
		22C8C1F21F4FCCB90063333C /* CoreMotion.framework */ = {isa = PBXFileReference; lastKnownFileType = wrapper.framework; name = CoreMotion.framework; path = System/Library/Frameworks/CoreMotion.framework; sourceTree = SDKROOT; };
		22C8C1F41F4FCCCA0063333C /* CoreGraphics.framework */ = {isa = PBXFileReference; lastKnownFileType = wrapper.framework; name = CoreGraphics.framework; path = System/Library/Frameworks/CoreGraphics.framework; sourceTree = SDKROOT; };
		22C8C1F61F4FCCDC0063333C /* CoreText.framework */ = {isa = PBXFileReference; lastKnownFileType = wrapper.framework; name = CoreText.framework; path = System/Library/Frameworks/CoreText.framework; sourceTree = SDKROOT; };
		22C8C1F81F4FCCE80063333C /* QuartzCore.framework */ = {isa = PBXFileReference; lastKnownFileType = wrapper.framework; name = QuartzCore.framework; path = System/Library/Frameworks/QuartzCore.framework; sourceTree = SDKROOT; };
		22C8C1FA1F4FCCF10063333C /* CFNetwork.framework */ = {isa = PBXFileReference; lastKnownFileType = wrapper.framework; name = CFNetwork.framework; path = System/Library/Frameworks/CFNetwork.framework; sourceTree = SDKROOT; };
		22C8C2121F5008E90063333C /* PublicHead.h */ = {isa = PBXFileReference; lastKnownFileType = sourcecode.c.h; path = PublicHead.h; sourceTree = "<group>"; };
		22C8C2141F5023340063333C /* PrefixHeader.pch */ = {isa = PBXFileReference; lastKnownFileType = sourcecode.c.h; path = PrefixHeader.pch; sourceTree = "<group>"; };
		89D015B9A7F084C8D4E29BB2 /* Pods-FirstProjects.release.xcconfig */ = {isa = PBXFileReference; includeInIndex = 1; lastKnownFileType = text.xcconfig; name = "Pods-FirstProjects.release.xcconfig"; path = "Pods/Target Support Files/Pods-FirstProjects/Pods-FirstProjects.release.xcconfig"; sourceTree = "<group>"; };
		A6713C0A7B94A4E7109D3B9E /* libPods-FirstProjects.a */ = {isa = PBXFileReference; explicitFileType = archive.ar; includeInIndex = 0; path = "libPods-FirstProjects.a"; sourceTree = BUILT_PRODUCTS_DIR; };
		BA30A9BBF8B01287934E496E /* Pods-FirstProjects.debug.xcconfig */ = {isa = PBXFileReference; includeInIndex = 1; lastKnownFileType = text.xcconfig; name = "Pods-FirstProjects.debug.xcconfig"; path = "Pods/Target Support Files/Pods-FirstProjects/Pods-FirstProjects.debug.xcconfig"; sourceTree = "<group>"; };
/* End PBXFileReference section */

/* Begin PBXFrameworksBuildPhase section */
		228E823A1F4E7EBD00108312 /* Frameworks */ = {
			isa = PBXFrameworksBuildPhase;
			buildActionMask = 2147483647;
			files = (
				F74CB0A26FA6234E9694BDCB /* libPods-FirstProjects.a in Frameworks */,
			);
			runOnlyForDeploymentPostprocessing = 0;
		};
		228E82531F4E7EBE00108312 /* Frameworks */ = {
			isa = PBXFrameworksBuildPhase;
			buildActionMask = 2147483647;
			files = (
			);
			runOnlyForDeploymentPostprocessing = 0;
		};
		228E825E1F4E7EBE00108312 /* Frameworks */ = {
			isa = PBXFrameworksBuildPhase;
			buildActionMask = 2147483647;
			files = (
			);
			runOnlyForDeploymentPostprocessing = 0;
		};
/* End PBXFrameworksBuildPhase section */

/* Begin PBXGroup section */
		2286CD3C1F57F1EC0022F004 /* CALScanQRCode */ = {
			isa = PBXGroup;
			children = (
				2286CD3D1F57F1EC0022F004 /* CALScanQRCode.bundle */,
				2286CD3E1F57F1EC0022F004 /* Controller */,
				2286CD411F57F1EC0022F004 /* Views */,
			);
			path = CALScanQRCode;
			sourceTree = "<group>";
		};
		2286CD3E1F57F1EC0022F004 /* Controller */ = {
			isa = PBXGroup;
			children = (
				2286CD3F1F57F1EC0022F004 /* CALScanQRCodeViewController.h */,
				2286CD401F57F1EC0022F004 /* CALScanQRCodeViewController.m */,
			);
			path = Controller;
			sourceTree = "<group>";
		};
		2286CD411F57F1EC0022F004 /* Views */ = {
			isa = PBXGroup;
			children = (
				2286CD421F57F1EC0022F004 /* CALScanQRCodeCameraView */,
				2286CD451F57F1EC0022F004 /* CALScanQRCodeTitleView */,
			);
			path = Views;
			sourceTree = "<group>";
		};
		2286CD421F57F1EC0022F004 /* CALScanQRCodeCameraView */ = {
			isa = PBXGroup;
			children = (
				2286CD431F57F1EC0022F004 /* CALScanQRCodeCameraView.h */,
				2286CD441F57F1EC0022F004 /* CALScanQRCodeCameraView.m */,
			);
			path = CALScanQRCodeCameraView;
			sourceTree = "<group>";
		};
		2286CD451F57F1EC0022F004 /* CALScanQRCodeTitleView */ = {
			isa = PBXGroup;
			children = (
				2286CD461F57F1EC0022F004 /* CALScanQRCodeTitleView.h */,
				2286CD471F57F1EC0022F004 /* CALScanQRCodeTitleView.m */,
			);
			path = CALScanQRCodeTitleView;
			sourceTree = "<group>";
		};
		228E82341F4E7EBD00108312 = {
			isa = PBXGroup;
			children = (
				228E823F1F4E7EBD00108312 /* FirstProjects */,
				228E82591F4E7EBE00108312 /* FirstProjectsTests */,
				228E82641F4E7EBE00108312 /* FirstProjectsUITests */,
				228E823E1F4E7EBD00108312 /* Products */,
				22C8C1E71F4FCC3D0063333C /* Frameworks */,
				F1D82A1F07F98557BBDA79F5 /* Pods */,
			);
			sourceTree = "<group>";
		};
		228E823E1F4E7EBD00108312 /* Products */ = {
			isa = PBXGroup;
			children = (
				228E823D1F4E7EBD00108312 /* FirstProjects.app */,
				228E82561F4E7EBE00108312 /* FirstProjectsTests.xctest */,
				228E82611F4E7EBE00108312 /* FirstProjectsUITests.xctest */,
			);
			name = Products;
			sourceTree = "<group>";
		};
		228E823F1F4E7EBD00108312 /* FirstProjects */ = {
			isa = PBXGroup;
			children = (
				228E82731F4E9C0B00108312 /* FirstProjects */,
				228E82431F4E7EBD00108312 /* AppDelegate.h */,
				228E82441F4E7EBD00108312 /* AppDelegate.m */,
				228E82461F4E7EBE00108312 /* ViewController.h */,
				228E82471F4E7EBE00108312 /* ViewController.m */,
				228E82491F4E7EBE00108312 /* Main.storyboard */,
				228E824C1F4E7EBE00108312 /* Assets.xcassets */,
				228E824E1F4E7EBE00108312 /* LaunchScreen.storyboard */,
				228E82511F4E7EBE00108312 /* Info.plist */,
				228E82401F4E7EBD00108312 /* Supporting Files */,
				22C8C2141F5023340063333C /* PrefixHeader.pch */,
			);
			path = FirstProjects;
			sourceTree = "<group>";
		};
		228E82401F4E7EBD00108312 /* Supporting Files */ = {
			isa = PBXGroup;
			children = (
				228E82411F4E7EBD00108312 /* main.m */,
			);
			name = "Supporting Files";
			sourceTree = "<group>";
		};
		228E82591F4E7EBE00108312 /* FirstProjectsTests */ = {
			isa = PBXGroup;
			children = (
				228E825A1F4E7EBE00108312 /* FirstProjectsTests.m */,
				228E825C1F4E7EBE00108312 /* Info.plist */,
			);
			path = FirstProjectsTests;
			sourceTree = "<group>";
		};
		228E82641F4E7EBE00108312 /* FirstProjectsUITests */ = {
			isa = PBXGroup;
			children = (
				228E82651F4E7EBE00108312 /* FirstProjectsUITests.m */,
				228E82671F4E7EBE00108312 /* Info.plist */,
			);
			path = FirstProjectsUITests;
			sourceTree = "<group>";
		};
		228E82731F4E9C0B00108312 /* FirstProjects */ = {
			isa = PBXGroup;
			children = (
				2286CD3C1F57F1EC0022F004 /* CALScanQRCode */,
				22A7C0E61F54075000A92E89 /* ZHkeyChain */,
				22C8C1C01F4FCA410063333C /* Color+Hex */,
				22C8C1C31F4FCA410063333C /* des */,
				22C8C1CB1F4FCA410063333C /* HJTNetTool */,
				22C8C1CE1F4FCA410063333C /* HKExtension */,
				22C8C1D11F4FCA410063333C /* md5 */,
				22C8C1D41F4FCA410063333C /* NavgationController */,
				22C8C1D71F4FCA410063333C /* YBUnlimitedSlideViewController */,
				22C8C1DA1F4FCA410063333C /* ZHBaseTabBar */,
				22C8C2121F5008E90063333C /* PublicHead.h */,
			);
			path = FirstProjects;
			sourceTree = "<group>";
		};
		22A7C0E61F54075000A92E89 /* ZHkeyChain */ = {
			isa = PBXGroup;
			children = (
				22A7C0E71F54076A00A92E89 /* ZHKeyChain.h */,
				22A7C0E81F54076A00A92E89 /* ZHKeyChain.m */,
			);
			path = ZHkeyChain;
			sourceTree = "<group>";
		};
		22C8C1C01F4FCA410063333C /* Color+Hex */ = {
			isa = PBXGroup;
			children = (
				22C8C1C11F4FCA410063333C /* Color+Hex.h */,
				22C8C1C21F4FCA410063333C /* Color+Hex.m */,
			);
			path = "Color+Hex";
			sourceTree = "<group>";
		};
		22C8C1C31F4FCA410063333C /* des */ = {
			isa = PBXGroup;
			children = (
				22C8C1C41F4FCA410063333C /* ConverUtil.h */,
				22C8C1C51F4FCA410063333C /* ConverUtil.m */,
				22C8C1C61F4FCA410063333C /* DesUtil.h */,
				22C8C1C71F4FCA410063333C /* DesUtil.m */,
				22C8C1C81F4FCA410063333C /* GTMBase64.h */,
				22C8C1C91F4FCA410063333C /* GTMBase64.m */,
				22C8C1CA1F4FCA410063333C /* GTMDefines.h */,
			);
			path = des;
			sourceTree = "<group>";
		};
		22C8C1CB1F4FCA410063333C /* HJTNetTool */ = {
			isa = PBXGroup;
			children = (
				22C8C1CC1F4FCA410063333C /* HJTNetTool.h */,
				22C8C1CD1F4FCA410063333C /* HJTNetTool.m */,
			);
			path = HJTNetTool;
			sourceTree = "<group>";
		};
		22C8C1CE1F4FCA410063333C /* HKExtension */ = {
			isa = PBXGroup;
			children = (
				22C8C1CF1F4FCA410063333C /* NSObject+HKExtension.h */,
				22C8C1D01F4FCA410063333C /* NSObject+HKExtension.m */,
			);
			path = HKExtension;
			sourceTree = "<group>";
		};
		22C8C1D11F4FCA410063333C /* md5 */ = {
			isa = PBXGroup;
			children = (
				22C8C1D21F4FCA410063333C /* MD5Encrypted.h */,
				22C8C1D31F4FCA410063333C /* MD5Encrypted.m */,
			);
			path = md5;
			sourceTree = "<group>";
		};
		22C8C1D41F4FCA410063333C /* NavgationController */ = {
			isa = PBXGroup;
			children = (
				22C8C1D51F4FCA410063333C /* WZHNavigationViewController.h */,
				22C8C1D61F4FCA410063333C /* WZHNavigationViewController.m */,
			);
			path = NavgationController;
			sourceTree = "<group>";
		};
		22C8C1D71F4FCA410063333C /* YBUnlimitedSlideViewController */ = {
			isa = PBXGroup;
			children = (
				22C8C1D81F4FCA410063333C /* YBUnlimitedSlideViewController.h */,
				22C8C1D91F4FCA410063333C /* YBUnlimitedSlideViewController.m */,
			);
			path = YBUnlimitedSlideViewController;
			sourceTree = "<group>";
		};
		22C8C1DA1F4FCA410063333C /* ZHBaseTabBar */ = {
			isa = PBXGroup;
			children = (
				22C8C1DB1F4FCA410063333C /* ZHBaseViewController.h */,
				22C8C1DC1F4FCA410063333C /* ZHBaseViewController.m */,
			);
			path = ZHBaseTabBar;
			sourceTree = "<group>";
		};
		22C8C1E71F4FCC3D0063333C /* Frameworks */ = {
			isa = PBXGroup;
			children = (
				22C8C1FA1F4FCCF10063333C /* CFNetwork.framework */,
				22C8C1F81F4FCCE80063333C /* QuartzCore.framework */,
				22C8C1F61F4FCCDC0063333C /* CoreText.framework */,
				22C8C1F41F4FCCCA0063333C /* CoreGraphics.framework */,
				22C8C1F21F4FCCB90063333C /* CoreMotion.framework */,
				22C8C1F01F4FCC670063333C /* SystemConfiguration.framework */,
				22C8C1EE1F4FCC5B0063333C /* libsqlite3.0.tbd */,
				22C8C1EC1F4FCC4F0063333C /* CoreTelephony.framework */,
				22C8C1EA1F4FCC450063333C /* libz.tbd */,
				22C8C1E81F4FCC3D0063333C /* libc++.tbd */,
				A6713C0A7B94A4E7109D3B9E /* libPods-FirstProjects.a */,
			);
			name = Frameworks;
			sourceTree = "<group>";
		};
		F1D82A1F07F98557BBDA79F5 /* Pods */ = {
			isa = PBXGroup;
			children = (
				BA30A9BBF8B01287934E496E /* Pods-FirstProjects.debug.xcconfig */,
				89D015B9A7F084C8D4E29BB2 /* Pods-FirstProjects.release.xcconfig */,
			);
			name = Pods;
			sourceTree = "<group>";
		};
/* End PBXGroup section */

/* Begin PBXNativeTarget section */
		228E823C1F4E7EBD00108312 /* FirstProjects */ = {
			isa = PBXNativeTarget;
			buildConfigurationList = 228E826A1F4E7EBE00108312 /* Build configuration list for PBXNativeTarget "FirstProjects" */;
			buildPhases = (
				6351677944505EF74F933976 /* [CP] Check Pods Manifest.lock */,
				228E82391F4E7EBD00108312 /* Sources */,
				228E823A1F4E7EBD00108312 /* Frameworks */,
				228E823B1F4E7EBD00108312 /* Resources */,
				73EFAFE775340C6FE6A9CC8A /* [CP] Embed Pods Frameworks */,
				8E81CBF5A1FDE9DCCB03F32B /* [CP] Copy Pods Resources */,
			);
			buildRules = (
			);
			dependencies = (
			);
			name = FirstProjects;
			productName = FirstProjects;
			productReference = 228E823D1F4E7EBD00108312 /* FirstProjects.app */;
			productType = "com.apple.product-type.application";
		};
		228E82551F4E7EBE00108312 /* FirstProjectsTests */ = {
			isa = PBXNativeTarget;
			buildConfigurationList = 228E826D1F4E7EBE00108312 /* Build configuration list for PBXNativeTarget "FirstProjectsTests" */;
			buildPhases = (
				228E82521F4E7EBE00108312 /* Sources */,
				228E82531F4E7EBE00108312 /* Frameworks */,
				228E82541F4E7EBE00108312 /* Resources */,
			);
			buildRules = (
			);
			dependencies = (
				228E82581F4E7EBE00108312 /* PBXTargetDependency */,
			);
			name = FirstProjectsTests;
			productName = FirstProjectsTests;
			productReference = 228E82561F4E7EBE00108312 /* FirstProjectsTests.xctest */;
			productType = "com.apple.product-type.bundle.unit-test";
		};
		228E82601F4E7EBE00108312 /* FirstProjectsUITests */ = {
			isa = PBXNativeTarget;
			buildConfigurationList = 228E82701F4E7EBE00108312 /* Build configuration list for PBXNativeTarget "FirstProjectsUITests" */;
			buildPhases = (
				228E825D1F4E7EBE00108312 /* Sources */,
				228E825E1F4E7EBE00108312 /* Frameworks */,
				228E825F1F4E7EBE00108312 /* Resources */,
			);
			buildRules = (
			);
			dependencies = (
				228E82631F4E7EBE00108312 /* PBXTargetDependency */,
			);
			name = FirstProjectsUITests;
			productName = FirstProjectsUITests;
			productReference = 228E82611F4E7EBE00108312 /* FirstProjectsUITests.xctest */;
			productType = "com.apple.product-type.bundle.ui-testing";
		};
/* End PBXNativeTarget section */

/* Begin PBXProject section */
		228E82351F4E7EBD00108312 /* Project object */ = {
			isa = PBXProject;
			attributes = {
				LastUpgradeCheck = 0830;
				ORGANIZATIONNAME = "海神";
				TargetAttributes = {
					228E823C1F4E7EBD00108312 = {
						CreatedOnToolsVersion = 8.3.3;
						DevelopmentTeam = CWY55A99VM;
						ProvisioningStyle = Automatic;
					};
					228E82551F4E7EBE00108312 = {
						CreatedOnToolsVersion = 8.3.3;
						DevelopmentTeam = CWY55A99VM;
						ProvisioningStyle = Automatic;
						TestTargetID = 228E823C1F4E7EBD00108312;
					};
					228E82601F4E7EBE00108312 = {
						CreatedOnToolsVersion = 8.3.3;
						DevelopmentTeam = CWY55A99VM;
						ProvisioningStyle = Automatic;
						TestTargetID = 228E823C1F4E7EBD00108312;
					};
				};
			};
			buildConfigurationList = 228E82381F4E7EBD00108312 /* Build configuration list for PBXProject "FirstProjects" */;
			compatibilityVersion = "Xcode 3.2";
			developmentRegion = English;
			hasScannedForEncodings = 0;
			knownRegions = (
				en,
				Base,
			);
			mainGroup = 228E82341F4E7EBD00108312;
			productRefGroup = 228E823E1F4E7EBD00108312 /* Products */;
			projectDirPath = "";
			projectRoot = "";
			targets = (
				228E823C1F4E7EBD00108312 /* FirstProjects */,
				228E82551F4E7EBE00108312 /* FirstProjectsTests */,
				228E82601F4E7EBE00108312 /* FirstProjectsUITests */,
			);
		};
/* End PBXProject section */

/* Begin PBXResourcesBuildPhase section */
		228E823B1F4E7EBD00108312 /* Resources */ = {
			isa = PBXResourcesBuildPhase;
			buildActionMask = 2147483647;
			files = (
				228E82501F4E7EBE00108312 /* LaunchScreen.storyboard in Resources */,
				228E824D1F4E7EBE00108312 /* Assets.xcassets in Resources */,
				228E824B1F4E7EBE00108312 /* Main.storyboard in Resources */,
				2286CD481F57F1EC0022F004 /* CALScanQRCode.bundle in Resources */,
			);
			runOnlyForDeploymentPostprocessing = 0;
		};
		228E82541F4E7EBE00108312 /* Resources */ = {
			isa = PBXResourcesBuildPhase;
			buildActionMask = 2147483647;
			files = (
			);
			runOnlyForDeploymentPostprocessing = 0;
		};
		228E825F1F4E7EBE00108312 /* Resources */ = {
			isa = PBXResourcesBuildPhase;
			buildActionMask = 2147483647;
			files = (
			);
			runOnlyForDeploymentPostprocessing = 0;
		};
/* End PBXResourcesBuildPhase section */

/* Begin PBXShellScriptBuildPhase section */
		6351677944505EF74F933976 /* [CP] Check Pods Manifest.lock */ = {
			isa = PBXShellScriptBuildPhase;
			buildActionMask = 2147483647;
			files = (
			);
			inputPaths = (
				"${PODS_PODFILE_DIR_PATH}/Podfile.lock",
				"${PODS_ROOT}/Manifest.lock",
			);
			name = "[CP] Check Pods Manifest.lock";
			outputPaths = (
				"$(DERIVED_FILE_DIR)/Pods-FirstProjects-checkManifestLockResult.txt",
			);
			runOnlyForDeploymentPostprocessing = 0;
			shellPath = /bin/sh;
			shellScript = "diff \"${PODS_PODFILE_DIR_PATH}/Podfile.lock\" \"${PODS_ROOT}/Manifest.lock\" > /dev/null\nif [ $? != 0 ] ; then\n    # print error to STDERR\n    echo \"error: The sandbox is not in sync with the Podfile.lock. Run 'pod install' or update your CocoaPods installation.\" >&2\n    exit 1\nfi\n# This output is used by Xcode 'outputs' to avoid re-running this script phase.\necho \"SUCCESS\" > \"${SCRIPT_OUTPUT_FILE_0}\"\n";
			showEnvVarsInLog = 0;
		};
		73EFAFE775340C6FE6A9CC8A /* [CP] Embed Pods Frameworks */ = {
			isa = PBXShellScriptBuildPhase;
			buildActionMask = 2147483647;
			files = (
			);
			inputPaths = (
			);
			name = "[CP] Embed Pods Frameworks";
			outputPaths = (
			);
			runOnlyForDeploymentPostprocessing = 0;
			shellPath = /bin/sh;
			shellScript = "\"${SRCROOT}/Pods/Target Support Files/Pods-FirstProjects/Pods-FirstProjects-frameworks.sh\"\n";
			showEnvVarsInLog = 0;
		};
		8E81CBF5A1FDE9DCCB03F32B /* [CP] Copy Pods Resources */ = {
			isa = PBXShellScriptBuildPhase;
			buildActionMask = 2147483647;
			files = (
			);
			inputPaths = (
			);
			name = "[CP] Copy Pods Resources";
			outputPaths = (
			);
			runOnlyForDeploymentPostprocessing = 0;
			shellPath = /bin/sh;
			shellScript = "\"${SRCROOT}/Pods/Target Support Files/Pods-FirstProjects/Pods-FirstProjects-resources.sh\"\n";
			showEnvVarsInLog = 0;
		};
/* End PBXShellScriptBuildPhase section */

/* Begin PBXSourcesBuildPhase section */
		228E82391F4E7EBD00108312 /* Sources */ = {
			isa = PBXSourcesBuildPhase;
			buildActionMask = 2147483647;
			files = (
				22C8C1DD1F4FCA410063333C /* Color+Hex.m in Sources */,
				228E82481F4E7EBE00108312 /* ViewController.m in Sources */,
				22C8C1DE1F4FCA410063333C /* ConverUtil.m in Sources */,
				22C8C1E01F4FCA410063333C /* GTMBase64.m in Sources */,
				22C8C1E21F4FCA410063333C /* NSObject+HKExtension.m in Sources */,
				22C8C1E51F4FCA410063333C /* YBUnlimitedSlideViewController.m in Sources */,
				22C8C1E11F4FCA410063333C /* HJTNetTool.m in Sources */,
				22C8C1E31F4FCA410063333C /* MD5Encrypted.m in Sources */,
				22C8C1E41F4FCA410063333C /* WZHNavigationViewController.m in Sources */,
				2286CD491F57F1EC0022F004 /* CALScanQRCodeViewController.m in Sources */,
				22C8C1DF1F4FCA410063333C /* DesUtil.m in Sources */,
				2286CD4A1F57F1EC0022F004 /* CALScanQRCodeCameraView.m in Sources */,
				22C8C1E61F4FCA410063333C /* ZHBaseViewController.m in Sources */,
				22A7C0E91F54076A00A92E89 /* ZHKeyChain.m in Sources */,
				228E82451F4E7EBD00108312 /* AppDelegate.m in Sources */,
				228E82421F4E7EBD00108312 /* main.m in Sources */,
				2286CD4B1F57F1EC0022F004 /* CALScanQRCodeTitleView.m in Sources */,
			);
			runOnlyForDeploymentPostprocessing = 0;
		};
		228E82521F4E7EBE00108312 /* Sources */ = {
			isa = PBXSourcesBuildPhase;
			buildActionMask = 2147483647;
			files = (
				228E825B1F4E7EBE00108312 /* FirstProjectsTests.m in Sources */,
			);
			runOnlyForDeploymentPostprocessing = 0;
		};
		228E825D1F4E7EBE00108312 /* Sources */ = {
			isa = PBXSourcesBuildPhase;
			buildActionMask = 2147483647;
			files = (
				228E82661F4E7EBE00108312 /* FirstProjectsUITests.m in Sources */,
			);
			runOnlyForDeploymentPostprocessing = 0;
		};
/* End PBXSourcesBuildPhase section */

/* Begin PBXTargetDependency section */
		228E82581F4E7EBE00108312 /* PBXTargetDependency */ = {
			isa = PBXTargetDependency;
			target = 228E823C1F4E7EBD00108312 /* FirstProjects */;
			targetProxy = 228E82571F4E7EBE00108312 /* PBXContainerItemProxy */;
		};
		228E82631F4E7EBE00108312 /* PBXTargetDependency */ = {
			isa = PBXTargetDependency;
			target = 228E823C1F4E7EBD00108312 /* FirstProjects */;
			targetProxy = 228E82621F4E7EBE00108312 /* PBXContainerItemProxy */;
		};
/* End PBXTargetDependency section */

/* Begin PBXVariantGroup section */
		228E82491F4E7EBE00108312 /* Main.storyboard */ = {
			isa = PBXVariantGroup;
			children = (
				228E824A1F4E7EBE00108312 /* Base */,
			);
			name = Main.storyboard;
			sourceTree = "<group>";
		};
		228E824E1F4E7EBE00108312 /* LaunchScreen.storyboard */ = {
			isa = PBXVariantGroup;
			children = (
				228E824F1F4E7EBE00108312 /* Base */,
			);
			name = LaunchScreen.storyboard;
			sourceTree = "<group>";
		};
/* End PBXVariantGroup section */

/* Begin XCBuildConfiguration section */
		228E82681F4E7EBE00108312 /* Debug */ = {
			isa = XCBuildConfiguration;
			buildSettings = {
				ALWAYS_SEARCH_USER_PATHS = NO;
				CLANG_ANALYZER_NONNULL = YES;
				CLANG_ANALYZER_NUMBER_OBJECT_CONVERSION = YES_AGGRESSIVE;
				CLANG_CXX_LANGUAGE_STANDARD = "gnu++0x";
				CLANG_CXX_LIBRARY = "libc++";
				CLANG_ENABLE_MODULES = YES;
				CLANG_ENABLE_OBJC_ARC = YES;
				CLANG_WARN_BOOL_CONVERSION = YES;
				CLANG_WARN_CONSTANT_CONVERSION = YES;
				CLANG_WARN_DIRECT_OBJC_ISA_USAGE = YES_ERROR;
				CLANG_WARN_DOCUMENTATION_COMMENTS = YES;
				CLANG_WARN_EMPTY_BODY = YES;
				CLANG_WARN_ENUM_CONVERSION = YES;
				CLANG_WARN_INFINITE_RECURSION = YES;
				CLANG_WARN_INT_CONVERSION = YES;
				CLANG_WARN_OBJC_ROOT_CLASS = YES_ERROR;
				CLANG_WARN_SUSPICIOUS_MOVE = YES;
				CLANG_WARN_UNREACHABLE_CODE = YES;
				CLANG_WARN__DUPLICATE_METHOD_MATCH = YES;
				"CODE_SIGN_IDENTITY[sdk=iphoneos*]" = "iPhone Developer";
				COPY_PHASE_STRIP = NO;
				DEBUG_INFORMATION_FORMAT = dwarf;
				ENABLE_STRICT_OBJC_MSGSEND = YES;
				ENABLE_TESTABILITY = YES;
				GCC_C_LANGUAGE_STANDARD = gnu99;
				GCC_DYNAMIC_NO_PIC = NO;
				GCC_NO_COMMON_BLOCKS = YES;
				GCC_OPTIMIZATION_LEVEL = 0;
				GCC_PREPROCESSOR_DEFINITIONS = (
					"DEBUG=1",
					"$(inherited)",
				);
				GCC_WARN_64_TO_32_BIT_CONVERSION = YES;
				GCC_WARN_ABOUT_RETURN_TYPE = YES_ERROR;
				GCC_WARN_UNDECLARED_SELECTOR = YES;
				GCC_WARN_UNINITIALIZED_AUTOS = YES_AGGRESSIVE;
				GCC_WARN_UNUSED_FUNCTION = YES;
				GCC_WARN_UNUSED_VARIABLE = YES;
				IPHONEOS_DEPLOYMENT_TARGET = 10.3;
				MTL_ENABLE_DEBUG_INFO = YES;
				ONLY_ACTIVE_ARCH = YES;
				SDKROOT = iphoneos;
				TARGETED_DEVICE_FAMILY = "1,2";
			};
			name = Debug;
		};
		228E82691F4E7EBE00108312 /* Release */ = {
			isa = XCBuildConfiguration;
			buildSettings = {
				ALWAYS_SEARCH_USER_PATHS = NO;
				CLANG_ANALYZER_NONNULL = YES;
				CLANG_ANALYZER_NUMBER_OBJECT_CONVERSION = YES_AGGRESSIVE;
				CLANG_CXX_LANGUAGE_STANDARD = "gnu++0x";
				CLANG_CXX_LIBRARY = "libc++";
				CLANG_ENABLE_MODULES = YES;
				CLANG_ENABLE_OBJC_ARC = YES;
				CLANG_WARN_BOOL_CONVERSION = YES;
				CLANG_WARN_CONSTANT_CONVERSION = YES;
				CLANG_WARN_DIRECT_OBJC_ISA_USAGE = YES_ERROR;
				CLANG_WARN_DOCUMENTATION_COMMENTS = YES;
				CLANG_WARN_EMPTY_BODY = YES;
				CLANG_WARN_ENUM_CONVERSION = YES;
				CLANG_WARN_INFINITE_RECURSION = YES;
				CLANG_WARN_INT_CONVERSION = YES;
				CLANG_WARN_OBJC_ROOT_CLASS = YES_ERROR;
				CLANG_WARN_SUSPICIOUS_MOVE = YES;
				CLANG_WARN_UNREACHABLE_CODE = YES;
				CLANG_WARN__DUPLICATE_METHOD_MATCH = YES;
				"CODE_SIGN_IDENTITY[sdk=iphoneos*]" = "iPhone Developer";
				COPY_PHASE_STRIP = NO;
				DEBUG_INFORMATION_FORMAT = "dwarf-with-dsym";
				ENABLE_NS_ASSERTIONS = NO;
				ENABLE_STRICT_OBJC_MSGSEND = YES;
				GCC_C_LANGUAGE_STANDARD = gnu99;
				GCC_NO_COMMON_BLOCKS = YES;
				GCC_WARN_64_TO_32_BIT_CONVERSION = YES;
				GCC_WARN_ABOUT_RETURN_TYPE = YES_ERROR;
				GCC_WARN_UNDECLARED_SELECTOR = YES;
				GCC_WARN_UNINITIALIZED_AUTOS = YES_AGGRESSIVE;
				GCC_WARN_UNUSED_FUNCTION = YES;
				GCC_WARN_UNUSED_VARIABLE = YES;
				IPHONEOS_DEPLOYMENT_TARGET = 10.3;
				MTL_ENABLE_DEBUG_INFO = NO;
				SDKROOT = iphoneos;
				TARGETED_DEVICE_FAMILY = "1,2";
				VALIDATE_PRODUCT = YES;
			};
			name = Release;
		};
		228E826B1F4E7EBE00108312 /* Debug */ = {
			isa = XCBuildConfiguration;
			baseConfigurationReference = BA30A9BBF8B01287934E496E /* Pods-FirstProjects.debug.xcconfig */;
			buildSettings = {
				ASSETCATALOG_COMPILER_APPICON_NAME = AppIcon;
				DEVELOPMENT_TEAM = CWY55A99VM;
				GCC_PREFIX_HEADER = /Users/watatsumi/FirstProjects/FirstProjects/FirstProjects/PrefixHeader.pch;
				INFOPLIST_FILE = FirstProjects/Info.plist;
				LD_RUNPATH_SEARCH_PATHS = "$(inherited) @executable_path/Frameworks";
				LIBRARY_SEARCH_PATHS = (
					"$(inherited)",
					"$(PROJECT_DIR)/FirstProjects/FirstProjects/WXPay/OpenSDK1.7.1",
				);
				PRODUCT_BUNDLE_IDENTIFIER = com.FirstProjects;
				PRODUCT_NAME = "$(TARGET_NAME)";
			};
			name = Debug;
		};
		228E826C1F4E7EBE00108312 /* Release */ = {
			isa = XCBuildConfiguration;
			baseConfigurationReference = 89D015B9A7F084C8D4E29BB2 /* Pods-FirstProjects.release.xcconfig */;
			buildSettings = {
				ASSETCATALOG_COMPILER_APPICON_NAME = AppIcon;
				DEVELOPMENT_TEAM = CWY55A99VM;
				GCC_PREFIX_HEADER = /Users/watatsumi/FirstProjects/FirstProjects/FirstProjects/PrefixHeader.pch;
				INFOPLIST_FILE = FirstProjects/Info.plist;
				LD_RUNPATH_SEARCH_PATHS = "$(inherited) @executable_path/Frameworks";
				LIBRARY_SEARCH_PATHS = (
					"$(inherited)",
					"$(PROJECT_DIR)/FirstProjects/FirstProjects/WXPay/OpenSDK1.7.1",
				);
				PRODUCT_BUNDLE_IDENTIFIER = com.FirstProjects;
				PRODUCT_NAME = "$(TARGET_NAME)";
			};
			name = Release;
		};
		228E826E1F4E7EBE00108312 /* Debug */ = {
			isa = XCBuildConfiguration;
			buildSettings = {
				BUNDLE_LOADER = "$(TEST_HOST)";
				DEVELOPMENT_TEAM = CWY55A99VM;
				INFOPLIST_FILE = FirstProjectsTests/Info.plist;
				LD_RUNPATH_SEARCH_PATHS = "$(inherited) @executable_path/Frameworks @loader_path/Frameworks";
				PRODUCT_BUNDLE_IDENTIFIER = com.FirstProjectsTests;
				PRODUCT_NAME = "$(TARGET_NAME)";
				TEST_HOST = "$(BUILT_PRODUCTS_DIR)/FirstProjects.app/FirstProjects";
			};
			name = Debug;
		};
		228E826F1F4E7EBE00108312 /* Release */ = {
			isa = XCBuildConfiguration;
			buildSettings = {
				BUNDLE_LOADER = "$(TEST_HOST)";
				DEVELOPMENT_TEAM = CWY55A99VM;
				INFOPLIST_FILE = FirstProjectsTests/Info.plist;
				LD_RUNPATH_SEARCH_PATHS = "$(inherited) @executable_path/Frameworks @loader_path/Frameworks";
				PRODUCT_BUNDLE_IDENTIFIER = com.FirstProjectsTests;
				PRODUCT_NAME = "$(TARGET_NAME)";
				TEST_HOST = "$(BUILT_PRODUCTS_DIR)/FirstProjects.app/FirstProjects";
			};
			name = Release;
		};
		228E82711F4E7EBE00108312 /* Debug */ = {
			isa = XCBuildConfiguration;
			buildSettings = {
				DEVELOPMENT_TEAM = CWY55A99VM;
				INFOPLIST_FILE = FirstProjectsUITests/Info.plist;
				LD_RUNPATH_SEARCH_PATHS = "$(inherited) @executable_path/Frameworks @loader_path/Frameworks";
				PRODUCT_BUNDLE_IDENTIFIER = com.FirstProjectsUITests;
				PRODUCT_NAME = "$(TARGET_NAME)";
				TEST_TARGET_NAME = FirstProjects;
			};
			name = Debug;
		};
		228E82721F4E7EBE00108312 /* Release */ = {
			isa = XCBuildConfiguration;
			buildSettings = {
				DEVELOPMENT_TEAM = CWY55A99VM;
				INFOPLIST_FILE = FirstProjectsUITests/Info.plist;
				LD_RUNPATH_SEARCH_PATHS = "$(inherited) @executable_path/Frameworks @loader_path/Frameworks";
				PRODUCT_BUNDLE_IDENTIFIER = com.FirstProjectsUITests;
				PRODUCT_NAME = "$(TARGET_NAME)";
				TEST_TARGET_NAME = FirstProjects;
			};
			name = Release;
		};
/* End XCBuildConfiguration section */

/* Begin XCConfigurationList section */
		228E82381F4E7EBD00108312 /* Build configuration list for PBXProject "FirstProjects" */ = {
			isa = XCConfigurationList;
			buildConfigurations = (
				228E82681F4E7EBE00108312 /* Debug */,
				228E82691F4E7EBE00108312 /* Release */,
			);
			defaultConfigurationIsVisible = 0;
			defaultConfigurationName = Release;
		};
		228E826A1F4E7EBE00108312 /* Build configuration list for PBXNativeTarget "FirstProjects" */ = {
			isa = XCConfigurationList;
			buildConfigurations = (
				228E826B1F4E7EBE00108312 /* Debug */,
				228E826C1F4E7EBE00108312 /* Release */,
			);
			defaultConfigurationIsVisible = 0;
			defaultConfigurationName = Release;
		};
		228E826D1F4E7EBE00108312 /* Build configuration list for PBXNativeTarget "FirstProjectsTests" */ = {
			isa = XCConfigurationList;
			buildConfigurations = (
				228E826E1F4E7EBE00108312 /* Debug */,
				228E826F1F4E7EBE00108312 /* Release */,
			);
			defaultConfigurationIsVisible = 0;
			defaultConfigurationName = Release;
		};
		228E82701F4E7EBE00108312 /* Build configuration list for PBXNativeTarget "FirstProjectsUITests" */ = {
			isa = XCConfigurationList;
			buildConfigurations = (
				228E82711F4E7EBE00108312 /* Debug */,
				228E82721F4E7EBE00108312 /* Release */,
			);
			defaultConfigurationIsVisible = 0;
			defaultConfigurationName = Release;
		};
/* End XCConfigurationList section */
	};
	rootObject = 228E82351F4E7EBD00108312 /* Project object */;
}
